// !$*UTF8*$!
{
	archiveVersion = 1;
	classes = {
	};
	objectVersion = 55;
	objects = {

/* Begin PBXBuildFile section */
		8E427DB52833A77600BD02DA /* FavoritesSection.swift in Sources */ = {isa = PBXBuildFile; fileRef = 8E427DB42833A77600BD02DA /* FavoritesSection.swift */; };
		8EDC2437282281DF007B0CF1 /* AppDelegate.swift in Sources */ = {isa = PBXBuildFile; fileRef = 8EDC2436282281DF007B0CF1 /* AppDelegate.swift */; };
		8EDC2439282281DF007B0CF1 /* SceneDelegate.swift in Sources */ = {isa = PBXBuildFile; fileRef = 8EDC2438282281DF007B0CF1 /* SceneDelegate.swift */; };
		8EDC2440282281E0007B0CF1 /* Assets.xcassets in Resources */ = {isa = PBXBuildFile; fileRef = 8EDC243F282281E0007B0CF1 /* Assets.xcassets */; };
		8EDC245228228230007B0CF1 /* RealmService.swift in Sources */ = {isa = PBXBuildFile; fileRef = 8EDC244B28228230007B0CF1 /* RealmService.swift */; };
		8EDC245328228230007B0CF1 /* Data.swift in Sources */ = {isa = PBXBuildFile; fileRef = 8EDC244C28228230007B0CF1 /* Data.swift */; };
		8EDC245428228230007B0CF1 /* ApiData.swift in Sources */ = {isa = PBXBuildFile; fileRef = 8EDC244D28228230007B0CF1 /* ApiData.swift */; };
		8EDC245528228230007B0CF1 /* ApiService.swift in Sources */ = {isa = PBXBuildFile; fileRef = 8EDC244E28228230007B0CF1 /* ApiService.swift */; };
		8EDC245628228230007B0CF1 /* debugAPI.swift in Sources */ = {isa = PBXBuildFile; fileRef = 8EDC244F28228230007B0CF1 /* debugAPI.swift */; };
		8EDC245728228230007B0CF1 /* Identifier+.swift in Sources */ = {isa = PBXBuildFile; fileRef = 8EDC245028228230007B0CF1 /* Identifier+.swift */; };
		8EDC245E2822823F007B0CF1 /* HiderCellFavoritesTableView.xib in Resources */ = {isa = PBXBuildFile; fileRef = 8EDC245A2822823F007B0CF1 /* HiderCellFavoritesTableView.xib */; };
		8EDC245F2822823F007B0CF1 /* ProductCellFavoritesCV.swift in Sources */ = {isa = PBXBuildFile; fileRef = 8EDC245B2822823F007B0CF1 /* ProductCellFavoritesCV.swift */; };
		8EDC24602822823F007B0CF1 /* HiderCellFavoritesTableView.swift in Sources */ = {isa = PBXBuildFile; fileRef = 8EDC245C2822823F007B0CF1 /* HiderCellFavoritesTableView.swift */; };
		8EDC24612822823F007B0CF1 /* ProductCellFavoritesCV.xib in Resources */ = {isa = PBXBuildFile; fileRef = 8EDC245D2822823F007B0CF1 /* ProductCellFavoritesCV.xib */; };
		8EDC246428228249007B0CF1 /* ProductCellType.swift in Sources */ = {isa = PBXBuildFile; fileRef = 8EDC246328228249007B0CF1 /* ProductCellType.swift */; };
		8EDC247228228250007B0CF1 /* FavoriteVC.storyboard in Resources */ = {isa = PBXBuildFile; fileRef = 8EDC246928228250007B0CF1 /* FavoriteVC.storyboard */; };
		8EDC247428228250007B0CF1 /* FavoriteVC.swift in Sources */ = {isa = PBXBuildFile; fileRef = 8EDC246B28228250007B0CF1 /* FavoriteVC.swift */; };
		8EDC247628228250007B0CF1 /* FavoriteViewController.xib in Resources */ = {isa = PBXBuildFile; fileRef = 8EDC246D28228250007B0CF1 /* FavoriteViewController.xib */; };
		8EDC247728228250007B0CF1 /* FavoriteCV.swift in Sources */ = {isa = PBXBuildFile; fileRef = 8EDC246E28228250007B0CF1 /* FavoriteCV.swift */; };
		8EDC24A12822826D007B0CF1 /* ProductsInfo.swift in Sources */ = {isa = PBXBuildFile; fileRef = 8EDC247B2822826D007B0CF1 /* ProductsInfo.swift */; };
		8EDC24A32822826D007B0CF1 /* ProductInformationCell.xib in Resources */ = {isa = PBXBuildFile; fileRef = 8EDC247E2822826D007B0CF1 /* ProductInformationCell.xib */; };
		8EDC24A42822826D007B0CF1 /* ProductImageCell.xib in Resources */ = {isa = PBXBuildFile; fileRef = 8EDC247F2822826D007B0CF1 /* ProductImageCell.xib */; };
		8EDC24A52822826D007B0CF1 /* ProductImageCell.swift in Sources */ = {isa = PBXBuildFile; fileRef = 8EDC24802822826D007B0CF1 /* ProductImageCell.swift */; };
		8EDC24A62822826D007B0CF1 /* ProductImageCellCollectionViewCell.xib in Resources */ = {isa = PBXBuildFile; fileRef = 8EDC24812822826D007B0CF1 /* ProductImageCellCollectionViewCell.xib */; };
		8EDC24A72822826D007B0CF1 /* ProductInformationCell.swift in Sources */ = {isa = PBXBuildFile; fileRef = 8EDC24822822826D007B0CF1 /* ProductInformationCell.swift */; };
		8EDC24A82822826D007B0CF1 /* ProductInfoCell.xib in Resources */ = {isa = PBXBuildFile; fileRef = 8EDC24832822826D007B0CF1 /* ProductInfoCell.xib */; };
		8EDC24A92822826D007B0CF1 /* ProductInfoCell.swift in Sources */ = {isa = PBXBuildFile; fileRef = 8EDC24842822826D007B0CF1 /* ProductInfoCell.swift */; };
		8EDC24AB2822826D007B0CF1 /* ProductViewController.swift in Sources */ = {isa = PBXBuildFile; fileRef = 8EDC24862822826D007B0CF1 /* ProductViewController.swift */; };
		8EDC24AD2822826D007B0CF1 /* ViewController.swift in Sources */ = {isa = PBXBuildFile; fileRef = 8EDC24892822826D007B0CF1 /* ViewController.swift */; };
		8EDC24AE2822826D007B0CF1 /* HeaderCell.xib in Resources */ = {isa = PBXBuildFile; fileRef = 8EDC248B2822826D007B0CF1 /* HeaderCell.xib */; };
		8EDC24B02822826D007B0CF1 /* ProductCell.swift in Sources */ = {isa = PBXBuildFile; fileRef = 8EDC248D2822826D007B0CF1 /* ProductCell.swift */; };
		8EDC24B22822826D007B0CF1 /* ProductCellGread.xib in Resources */ = {isa = PBXBuildFile; fileRef = 8EDC248F2822826D007B0CF1 /* ProductCellGread.xib */; };
		8EDC24B32822826D007B0CF1 /* FavoritesHeaderCell.swift in Sources */ = {isa = PBXBuildFile; fileRef = 8EDC24902822826D007B0CF1 /* FavoritesHeaderCell.swift */; };
		8EDC24B42822826D007B0CF1 /* FavoritesHeaderCell.xib in Resources */ = {isa = PBXBuildFile; fileRef = 8EDC24912822826D007B0CF1 /* FavoritesHeaderCell.xib */; };
		8EDC24B52822826D007B0CF1 /* HeaderCell.swift in Sources */ = {isa = PBXBuildFile; fileRef = 8EDC24922822826D007B0CF1 /* HeaderCell.swift */; };
		8EDC24B62822826D007B0CF1 /* ProductCell.xib in Resources */ = {isa = PBXBuildFile; fileRef = 8EDC24932822826D007B0CF1 /* ProductCell.xib */; };
		8EDC24BA2822826D007B0CF1 /* LaunchScreen.storyboard in Resources */ = {isa = PBXBuildFile; fileRef = 8EDC24972822826D007B0CF1 /* LaunchScreen.storyboard */; };
		8EDC24BC2822826D007B0CF1 /* Main.storyboard in Resources */ = {isa = PBXBuildFile; fileRef = 8EDC24992822826D007B0CF1 /* Main.storyboard */; };
		8EDC24BD2822826D007B0CF1 /* ProductSection.swift in Sources */ = {isa = PBXBuildFile; fileRef = 8EDC249C2822826D007B0CF1 /* ProductSection.swift */; };
		8EDC24BE2822826D007B0CF1 /* Model.swift in Sources */ = {isa = PBXBuildFile; fileRef = 8EDC249D2822826D007B0CF1 /* Model.swift */; };
		8EDC24BF2822826D007B0CF1 /* Pagination.swift in Sources */ = {isa = PBXBuildFile; fileRef = 8EDC249E2822826D007B0CF1 /* Pagination.swift */; };
		8EDC24C02822826D007B0CF1 /* CardProduct.swift in Sources */ = {isa = PBXBuildFile; fileRef = 8EDC249F2822826D007B0CF1 /* CardProduct.swift */; };
		8EDC24C12822826D007B0CF1 /* Favorite.swift in Sources */ = {isa = PBXBuildFile; fileRef = 8EDC24A02822826D007B0CF1 /* Favorite.swift */; };
		EBE6C9784E78C010181E61D0 /* Pods_WOW3.framework in Frameworks */ = {isa = PBXBuildFile; fileRef = 4B070A9A805DDC09CE101350 /* Pods_WOW3.framework */; };
/* End PBXBuildFile section */

/* Begin PBXFileReference section */
		19D6A36B7D6002D519C50C38 /* Pods-WOW3.release.xcconfig */ = {isa = PBXFileReference; includeInIndex = 1; lastKnownFileType = text.xcconfig; name = "Pods-WOW3.release.xcconfig"; path = "Target Support Files/Pods-WOW3/Pods-WOW3.release.xcconfig"; sourceTree = "<group>"; };
		4B070A9A805DDC09CE101350 /* Pods_WOW3.framework */ = {isa = PBXFileReference; explicitFileType = wrapper.framework; includeInIndex = 0; path = Pods_WOW3.framework; sourceTree = BUILT_PRODUCTS_DIR; };
		8E427DB42833A77600BD02DA /* FavoritesSection.swift */ = {isa = PBXFileReference; lastKnownFileType = sourcecode.swift; path = FavoritesSection.swift; sourceTree = "<group>"; };
		8EDC2433282281DF007B0CF1 /* WOW3.app */ = {isa = PBXFileReference; explicitFileType = wrapper.application; includeInIndex = 0; path = WOW3.app; sourceTree = BUILT_PRODUCTS_DIR; };
		8EDC2436282281DF007B0CF1 /* AppDelegate.swift */ = {isa = PBXFileReference; lastKnownFileType = sourcecode.swift; path = AppDelegate.swift; sourceTree = "<group>"; };
		8EDC2438282281DF007B0CF1 /* SceneDelegate.swift */ = {isa = PBXFileReference; lastKnownFileType = sourcecode.swift; path = SceneDelegate.swift; sourceTree = "<group>"; };
		8EDC243F282281E0007B0CF1 /* Assets.xcassets */ = {isa = PBXFileReference; lastKnownFileType = folder.assetcatalog; path = Assets.xcassets; sourceTree = "<group>"; };
		8EDC2444282281E0007B0CF1 /* Info.plist */ = {isa = PBXFileReference; lastKnownFileType = text.plist.xml; path = Info.plist; sourceTree = "<group>"; };
		8EDC244B28228230007B0CF1 /* RealmService.swift */ = {isa = PBXFileReference; fileEncoding = 4; lastKnownFileType = sourcecode.swift; path = RealmService.swift; sourceTree = "<group>"; };
		8EDC244C28228230007B0CF1 /* Data.swift */ = {isa = PBXFileReference; fileEncoding = 4; lastKnownFileType = sourcecode.swift; path = Data.swift; sourceTree = "<group>"; };
		8EDC244D28228230007B0CF1 /* ApiData.swift */ = {isa = PBXFileReference; fileEncoding = 4; lastKnownFileType = sourcecode.swift; path = ApiData.swift; sourceTree = "<group>"; };
		8EDC244E28228230007B0CF1 /* ApiService.swift */ = {isa = PBXFileReference; fileEncoding = 4; lastKnownFileType = sourcecode.swift; path = ApiService.swift; sourceTree = "<group>"; };
		8EDC244F28228230007B0CF1 /* debugAPI.swift */ = {isa = PBXFileReference; fileEncoding = 4; lastKnownFileType = sourcecode.swift; path = debugAPI.swift; sourceTree = "<group>"; };
		8EDC245028228230007B0CF1 /* Identifier+.swift */ = {isa = PBXFileReference; fileEncoding = 4; lastKnownFileType = sourcecode.swift; path = "Identifier+.swift"; sourceTree = "<group>"; };
		8EDC245A2822823F007B0CF1 /* HiderCellFavoritesTableView.xib */ = {isa = PBXFileReference; fileEncoding = 4; lastKnownFileType = file.xib; path = HiderCellFavoritesTableView.xib; sourceTree = "<group>"; };
		8EDC245B2822823F007B0CF1 /* ProductCellFavoritesCV.swift */ = {isa = PBXFileReference; fileEncoding = 4; lastKnownFileType = sourcecode.swift; path = ProductCellFavoritesCV.swift; sourceTree = "<group>"; };
		8EDC245C2822823F007B0CF1 /* HiderCellFavoritesTableView.swift */ = {isa = PBXFileReference; fileEncoding = 4; lastKnownFileType = sourcecode.swift; path = HiderCellFavoritesTableView.swift; sourceTree = "<group>"; };
		8EDC245D2822823F007B0CF1 /* ProductCellFavoritesCV.xib */ = {isa = PBXFileReference; fileEncoding = 4; lastKnownFileType = file.xib; path = ProductCellFavoritesCV.xib; sourceTree = "<group>"; };
		8EDC246328228249007B0CF1 /* ProductCellType.swift */ = {isa = PBXFileReference; fileEncoding = 4; lastKnownFileType = sourcecode.swift; path = ProductCellType.swift; sourceTree = "<group>"; };
		8EDC246928228250007B0CF1 /* FavoriteVC.storyboard */ = {isa = PBXFileReference; fileEncoding = 4; lastKnownFileType = file.storyboard; path = FavoriteVC.storyboard; sourceTree = "<group>"; };
		8EDC246B28228250007B0CF1 /* FavoriteVC.swift */ = {isa = PBXFileReference; fileEncoding = 4; lastKnownFileType = sourcecode.swift; path = FavoriteVC.swift; sourceTree = "<group>"; };
		8EDC246D28228250007B0CF1 /* FavoriteViewController.xib */ = {isa = PBXFileReference; fileEncoding = 4; lastKnownFileType = file.xib; path = FavoriteViewController.xib; sourceTree = "<group>"; };
		8EDC246E28228250007B0CF1 /* FavoriteCV.swift */ = {isa = PBXFileReference; fileEncoding = 4; lastKnownFileType = sourcecode.swift; path = FavoriteCV.swift; sourceTree = "<group>"; };
		8EDC247B2822826D007B0CF1 /* ProductsInfo.swift */ = {isa = PBXFileReference; fileEncoding = 4; lastKnownFileType = sourcecode.swift; path = ProductsInfo.swift; sourceTree = "<group>"; };
		8EDC247E2822826D007B0CF1 /* ProductInformationCell.xib */ = {isa = PBXFileReference; fileEncoding = 4; lastKnownFileType = file.xib; path = ProductInformationCell.xib; sourceTree = "<group>"; };
		8EDC247F2822826D007B0CF1 /* ProductImageCell.xib */ = {isa = PBXFileReference; fileEncoding = 4; lastKnownFileType = file.xib; path = ProductImageCell.xib; sourceTree = "<group>"; };
		8EDC24802822826D007B0CF1 /* ProductImageCell.swift */ = {isa = PBXFileReference; fileEncoding = 4; lastKnownFileType = sourcecode.swift; path = ProductImageCell.swift; sourceTree = "<group>"; };
		8EDC24812822826D007B0CF1 /* ProductImageCellCollectionViewCell.xib */ = {isa = PBXFileReference; fileEncoding = 4; lastKnownFileType = file.xib; path = ProductImageCellCollectionViewCell.xib; sourceTree = "<group>"; };
		8EDC24822822826D007B0CF1 /* ProductInformationCell.swift */ = {isa = PBXFileReference; fileEncoding = 4; lastKnownFileType = sourcecode.swift; path = ProductInformationCell.swift; sourceTree = "<group>"; };
		8EDC24832822826D007B0CF1 /* ProductInfoCell.xib */ = {isa = PBXFileReference; fileEncoding = 4; lastKnownFileType = file.xib; path = ProductInfoCell.xib; sourceTree = "<group>"; };
		8EDC24842822826D007B0CF1 /* ProductInfoCell.swift */ = {isa = PBXFileReference; fileEncoding = 4; lastKnownFileType = sourcecode.swift; path = ProductInfoCell.swift; sourceTree = "<group>"; };
		8EDC24862822826D007B0CF1 /* ProductViewController.swift */ = {isa = PBXFileReference; fileEncoding = 4; lastKnownFileType = sourcecode.swift; path = ProductViewController.swift; sourceTree = "<group>"; };
		8EDC24892822826D007B0CF1 /* ViewController.swift */ = {isa = PBXFileReference; fileEncoding = 4; lastKnownFileType = sourcecode.swift; path = ViewController.swift; sourceTree = "<group>"; };
		8EDC248B2822826D007B0CF1 /* HeaderCell.xib */ = {isa = PBXFileReference; fileEncoding = 4; lastKnownFileType = file.xib; path = HeaderCell.xib; sourceTree = "<group>"; };
		8EDC248D2822826D007B0CF1 /* ProductCell.swift */ = {isa = PBXFileReference; fileEncoding = 4; lastKnownFileType = sourcecode.swift; path = ProductCell.swift; sourceTree = "<group>"; };
		8EDC248F2822826D007B0CF1 /* ProductCellGread.xib */ = {isa = PBXFileReference; fileEncoding = 4; lastKnownFileType = file.xib; path = ProductCellGread.xib; sourceTree = "<group>"; };
		8EDC24902822826D007B0CF1 /* FavoritesHeaderCell.swift */ = {isa = PBXFileReference; fileEncoding = 4; lastKnownFileType = sourcecode.swift; path = FavoritesHeaderCell.swift; sourceTree = "<group>"; };
		8EDC24912822826D007B0CF1 /* FavoritesHeaderCell.xib */ = {isa = PBXFileReference; fileEncoding = 4; lastKnownFileType = file.xib; path = FavoritesHeaderCell.xib; sourceTree = "<group>"; };
		8EDC24922822826D007B0CF1 /* HeaderCell.swift */ = {isa = PBXFileReference; fileEncoding = 4; lastKnownFileType = sourcecode.swift; path = HeaderCell.swift; sourceTree = "<group>"; };
		8EDC24932822826D007B0CF1 /* ProductCell.xib */ = {isa = PBXFileReference; fileEncoding = 4; lastKnownFileType = file.xib; path = ProductCell.xib; sourceTree = "<group>"; };
		8EDC24972822826D007B0CF1 /* LaunchScreen.storyboard */ = {isa = PBXFileReference; fileEncoding = 4; lastKnownFileType = file.storyboard; path = LaunchScreen.storyboard; sourceTree = "<group>"; };
		8EDC249A2822826D007B0CF1 /* Base */ = {isa = PBXFileReference; lastKnownFileType = file.storyboard; name = Base; path = Base.lproj/Main.storyboard; sourceTree = "<group>"; };
		8EDC249C2822826D007B0CF1 /* ProductSection.swift */ = {isa = PBXFileReference; fileEncoding = 4; lastKnownFileType = sourcecode.swift; path = ProductSection.swift; sourceTree = "<group>"; };
		8EDC249D2822826D007B0CF1 /* Model.swift */ = {isa = PBXFileReference; fileEncoding = 4; lastKnownFileType = sourcecode.swift; path = Model.swift; sourceTree = "<group>"; };
		8EDC249E2822826D007B0CF1 /* Pagination.swift */ = {isa = PBXFileReference; fileEncoding = 4; lastKnownFileType = sourcecode.swift; path = Pagination.swift; sourceTree = "<group>"; };
		8EDC249F2822826D007B0CF1 /* CardProduct.swift */ = {isa = PBXFileReference; fileEncoding = 4; lastKnownFileType = sourcecode.swift; path = CardProduct.swift; sourceTree = "<group>"; };
		8EDC24A02822826D007B0CF1 /* Favorite.swift */ = {isa = PBXFileReference; fileEncoding = 4; lastKnownFileType = sourcecode.swift; path = Favorite.swift; sourceTree = "<group>"; };
		C555B46ECD453CA612C6146F /* Pods-WOW3.debug.xcconfig */ = {isa = PBXFileReference; includeInIndex = 1; lastKnownFileType = text.xcconfig; name = "Pods-WOW3.debug.xcconfig"; path = "Target Support Files/Pods-WOW3/Pods-WOW3.debug.xcconfig"; sourceTree = "<group>"; };
/* End PBXFileReference section */

/* Begin PBXFrameworksBuildPhase section */
		8EDC2430282281DF007B0CF1 /* Frameworks */ = {
			isa = PBXFrameworksBuildPhase;
			buildActionMask = 2147483647;
			files = (
				EBE6C9784E78C010181E61D0 /* Pods_WOW3.framework in Frameworks */,
			);
			runOnlyForDeploymentPostprocessing = 0;
		};
/* End PBXFrameworksBuildPhase section */

/* Begin PBXGroup section */
		7106C66F871D4A7053946774 /* Frameworks */ = {
			isa = PBXGroup;
			children = (
				4B070A9A805DDC09CE101350 /* Pods_WOW3.framework */,
			);
			name = Frameworks;
			sourceTree = "<group>";
		};
		8EDC242A282281DF007B0CF1 = {
			isa = PBXGroup;
			children = (
				8EDC2435282281DF007B0CF1 /* WOW3 */,
				8EDC2434282281DF007B0CF1 /* Products */,
				923D508D400574E5414772B7 /* Pods */,
				7106C66F871D4A7053946774 /* Frameworks */,
			);
			sourceTree = "<group>";
		};
		8EDC2434282281DF007B0CF1 /* Products */ = {
			isa = PBXGroup;
			children = (
				8EDC2433282281DF007B0CF1 /* WOW3.app */,
			);
			name = Products;
			sourceTree = "<group>";
		};
		8EDC2435282281DF007B0CF1 /* WOW3 */ = {
			isa = PBXGroup;
			children = (
				8EDC24882822826D007B0CF1 /* VC */,
				8EDC247A2822826D007B0CF1 /* PVC */,
				8EDC246528228250007B0CF1 /* FavoritVC */,
				8EDC249B2822826D007B0CF1 /* Models */,
				8EDC246228228249007B0CF1 /* CellsType */,
				8EDC24592822823F007B0CF1 /* CellFavorite */,
				8EDC244A28228230007B0CF1 /* API */,
				8EDC2436282281DF007B0CF1 /* AppDelegate.swift */,
				8EDC2438282281DF007B0CF1 /* SceneDelegate.swift */,
				8EDC24972822826D007B0CF1 /* LaunchScreen.storyboard */,
				8EDC243F282281E0007B0CF1 /* Assets.xcassets */,
				8EDC2444282281E0007B0CF1 /* Info.plist */,
			);
			path = WOW3;
			sourceTree = "<group>";
		};
		8EDC244A28228230007B0CF1 /* API */ = {
			isa = PBXGroup;
			children = (
				8EDC244B28228230007B0CF1 /* RealmService.swift */,
				8EDC244C28228230007B0CF1 /* Data.swift */,
				8EDC244D28228230007B0CF1 /* ApiData.swift */,
				8EDC244E28228230007B0CF1 /* ApiService.swift */,
				8EDC244F28228230007B0CF1 /* debugAPI.swift */,
				8EDC245028228230007B0CF1 /* Identifier+.swift */,
			);
			path = API;
			sourceTree = "<group>";
		};
		8EDC24592822823F007B0CF1 /* CellFavorite */ = {
			isa = PBXGroup;
			children = (
				8EDC245A2822823F007B0CF1 /* HiderCellFavoritesTableView.xib */,
				8EDC245B2822823F007B0CF1 /* ProductCellFavoritesCV.swift */,
				8EDC245C2822823F007B0CF1 /* HiderCellFavoritesTableView.swift */,
				8EDC245D2822823F007B0CF1 /* ProductCellFavoritesCV.xib */,
			);
			path = CellFavorite;
			sourceTree = "<group>";
		};
		8EDC246228228249007B0CF1 /* CellsType */ = {
			isa = PBXGroup;
			children = (
				8EDC246328228249007B0CF1 /* ProductCellType.swift */,
			);
			path = CellsType;
			sourceTree = "<group>";
		};
		8EDC246528228250007B0CF1 /* FavoritVC */ = {
			isa = PBXGroup;
			children = (
				8EDC246B28228250007B0CF1 /* FavoriteVC.swift */,
				8EDC246928228250007B0CF1 /* FavoriteVC.storyboard */,
				8EDC246E28228250007B0CF1 /* FavoriteCV.swift */,
				8EDC246D28228250007B0CF1 /* FavoriteViewController.xib */,
				8E427DB42833A77600BD02DA /* FavoritesSection.swift */,
			);
			path = FavoritVC;
			sourceTree = "<group>";
		};
		8EDC247A2822826D007B0CF1 /* PVC */ = {
			isa = PBXGroup;
			children = (
				8EDC247B2822826D007B0CF1 /* ProductsInfo.swift */,
				8EDC247C2822826D007B0CF1 /* Product Cell */,
				8EDC24862822826D007B0CF1 /* ProductViewController.swift */,
			);
			path = PVC;
			sourceTree = "<group>";
		};
		8EDC247C2822826D007B0CF1 /* Product Cell */ = {
			isa = PBXGroup;
			children = (
				8EDC24802822826D007B0CF1 /* ProductImageCell.swift */,
				8EDC24812822826D007B0CF1 /* ProductImageCellCollectionViewCell.xib */,
				8EDC24822822826D007B0CF1 /* ProductInformationCell.swift */,
				8EDC247E2822826D007B0CF1 /* ProductInformationCell.xib */,
				8EDC247F2822826D007B0CF1 /* ProductImageCell.xib */,
				8EDC24842822826D007B0CF1 /* ProductInfoCell.swift */,
				8EDC24832822826D007B0CF1 /* ProductInfoCell.xib */,
			);
			path = "Product Cell";
			sourceTree = "<group>";
		};
		8EDC24882822826D007B0CF1 /* VC */ = {
			isa = PBXGroup;
			children = (
				8EDC24892822826D007B0CF1 /* ViewController.swift */,
				8EDC24992822826D007B0CF1 /* Main.storyboard */,
				8EDC248A2822826D007B0CF1 /* Cells */,
			);
			path = VC;
			sourceTree = "<group>";
		};
		8EDC248A2822826D007B0CF1 /* Cells */ = {
			isa = PBXGroup;
			children = (
				8EDC24922822826D007B0CF1 /* HeaderCell.swift */,
				8EDC248B2822826D007B0CF1 /* HeaderCell.xib */,
				8EDC248D2822826D007B0CF1 /* ProductCell.swift */,
				8EDC24932822826D007B0CF1 /* ProductCell.xib */,
				8EDC248F2822826D007B0CF1 /* ProductCellGread.xib */,
				8EDC24902822826D007B0CF1 /* FavoritesHeaderCell.swift */,
				8EDC24912822826D007B0CF1 /* FavoritesHeaderCell.xib */,
			);
			path = Cells;
			sourceTree = "<group>";
		};
		8EDC249B2822826D007B0CF1 /* Models */ = {
			isa = PBXGroup;
			children = (
				8EDC249C2822826D007B0CF1 /* ProductSection.swift */,
				8EDC249D2822826D007B0CF1 /* Model.swift */,
				8EDC249E2822826D007B0CF1 /* Pagination.swift */,
				8EDC249F2822826D007B0CF1 /* CardProduct.swift */,
				8EDC24A02822826D007B0CF1 /* Favorite.swift */,
			);
			path = Models;
			sourceTree = "<group>";
		};
		923D508D400574E5414772B7 /* Pods */ = {
			isa = PBXGroup;
			children = (
				C555B46ECD453CA612C6146F /* Pods-WOW3.debug.xcconfig */,
				19D6A36B7D6002D519C50C38 /* Pods-WOW3.release.xcconfig */,
			);
			path = Pods;
			sourceTree = "<group>";
		};
/* End PBXGroup section */

/* Begin PBXNativeTarget section */
		8EDC2432282281DF007B0CF1 /* WOW3 */ = {
			isa = PBXNativeTarget;
			buildConfigurationList = 8EDC2447282281E0007B0CF1 /* Build configuration list for PBXNativeTarget "WOW3" */;
			buildPhases = (
				00C9D1FB4E51F1F594F9E863 /* [CP] Check Pods Manifest.lock */,
				8EDC242F282281DF007B0CF1 /* Sources */,
				8EDC2430282281DF007B0CF1 /* Frameworks */,
				8EDC2431282281DF007B0CF1 /* Resources */,
				DD2E61F413E16B3CC6351118 /* [CP] Embed Pods Frameworks */,
			);
			buildRules = (
			);
			dependencies = (
			);
			name = WOW3;
			productName = WOW3;
			productReference = 8EDC2433282281DF007B0CF1 /* WOW3.app */;
			productType = "com.apple.product-type.application";
		};
/* End PBXNativeTarget section */

/* Begin PBXProject section */
		8EDC242B282281DF007B0CF1 /* Project object */ = {
			isa = PBXProject;
			attributes = {
				BuildIndependentTargetsInParallel = 1;
				LastSwiftUpdateCheck = 1330;
				LastUpgradeCheck = 1330;
				TargetAttributes = {
					8EDC2432282281DF007B0CF1 = {
						CreatedOnToolsVersion = 13.3.1;
					};
				};
			};
			buildConfigurationList = 8EDC242E282281DF007B0CF1 /* Build configuration list for PBXProject "WOW3" */;
			compatibilityVersion = "Xcode 13.0";
			developmentRegion = en;
			hasScannedForEncodings = 0;
			knownRegions = (
				en,
				Base,
			);
			mainGroup = 8EDC242A282281DF007B0CF1;
			productRefGroup = 8EDC2434282281DF007B0CF1 /* Products */;
			projectDirPath = "";
			projectRoot = "";
			targets = (
				8EDC2432282281DF007B0CF1 /* WOW3 */,
			);
		};
/* End PBXProject section */

/* Begin PBXResourcesBuildPhase section */
		8EDC2431282281DF007B0CF1 /* Resources */ = {
			isa = PBXResourcesBuildPhase;
			buildActionMask = 2147483647;
			files = (
				8EDC24A82822826D007B0CF1 /* ProductInfoCell.xib in Resources */,
				8EDC24B42822826D007B0CF1 /* FavoritesHeaderCell.xib in Resources */,
				8EDC2440282281E0007B0CF1 /* Assets.xcassets in Resources */,
				8EDC24612822823F007B0CF1 /* ProductCellFavoritesCV.xib in Resources */,
				8EDC24BA2822826D007B0CF1 /* LaunchScreen.storyboard in Resources */,
				8EDC24B22822826D007B0CF1 /* ProductCellGread.xib in Resources */,
				8EDC24A42822826D007B0CF1 /* ProductImageCell.xib in Resources */,
				8EDC24BC2822826D007B0CF1 /* Main.storyboard in Resources */,
				8EDC24AE2822826D007B0CF1 /* HeaderCell.xib in Resources */,
				8EDC245E2822823F007B0CF1 /* HiderCellFavoritesTableView.xib in Resources */,
				8EDC247228228250007B0CF1 /* FavoriteVC.storyboard in Resources */,
				8EDC24A32822826D007B0CF1 /* ProductInformationCell.xib in Resources */,
				8EDC24B62822826D007B0CF1 /* ProductCell.xib in Resources */,
				8EDC24A62822826D007B0CF1 /* ProductImageCellCollectionViewCell.xib in Resources */,
				8EDC247628228250007B0CF1 /* FavoriteViewController.xib in Resources */,
			);
			runOnlyForDeploymentPostprocessing = 0;
		};
/* End PBXResourcesBuildPhase section */

/* Begin PBXShellScriptBuildPhase section */
		00C9D1FB4E51F1F594F9E863 /* [CP] Check Pods Manifest.lock */ = {
			isa = PBXShellScriptBuildPhase;
			buildActionMask = 2147483647;
			files = (
			);
			inputFileListPaths = (
			);
			inputPaths = (
				"${PODS_PODFILE_DIR_PATH}/Podfile.lock",
				"${PODS_ROOT}/Manifest.lock",
			);
			name = "[CP] Check Pods Manifest.lock";
			outputFileListPaths = (
			);
			outputPaths = (
				"$(DERIVED_FILE_DIR)/Pods-WOW3-checkManifestLockResult.txt",
			);
			runOnlyForDeploymentPostprocessing = 0;
			shellPath = /bin/sh;
			shellScript = "diff \"${PODS_PODFILE_DIR_PATH}/Podfile.lock\" \"${PODS_ROOT}/Manifest.lock\" > /dev/null\nif [ $? != 0 ] ; then\n    # print error to STDERR\n    echo \"error: The sandbox is not in sync with the Podfile.lock. Run 'pod install' or update your CocoaPods installation.\" >&2\n    exit 1\nfi\n# This output is used by Xcode 'outputs' to avoid re-running this script phase.\necho \"SUCCESS\" > \"${SCRIPT_OUTPUT_FILE_0}\"\n";
			showEnvVarsInLog = 0;
		};
		DD2E61F413E16B3CC6351118 /* [CP] Embed Pods Frameworks */ = {
			isa = PBXShellScriptBuildPhase;
			buildActionMask = 2147483647;
			files = (
			);
			inputFileListPaths = (
				"${PODS_ROOT}/Target Support Files/Pods-WOW3/Pods-WOW3-frameworks-${CONFIGURATION}-input-files.xcfilelist",
			);
			name = "[CP] Embed Pods Frameworks";
			outputFileListPaths = (
				"${PODS_ROOT}/Target Support Files/Pods-WOW3/Pods-WOW3-frameworks-${CONFIGURATION}-output-files.xcfilelist",
			);
			runOnlyForDeploymentPostprocessing = 0;
			shellPath = /bin/sh;
			shellScript = "\"${PODS_ROOT}/Target Support Files/Pods-WOW3/Pods-WOW3-frameworks.sh\"\n";
			showEnvVarsInLog = 0;
		};
/* End PBXShellScriptBuildPhase section */

/* Begin PBXSourcesBuildPhase section */
		8EDC242F282281DF007B0CF1 /* Sources */ = {
			isa = PBXSourcesBuildPhase;
			buildActionMask = 2147483647;
			files = (
				8EDC24BE2822826D007B0CF1 /* Model.swift in Sources */,
				8EDC247728228250007B0CF1 /* FavoriteCV.swift in Sources */,
				8EDC24A12822826D007B0CF1 /* ProductsInfo.swift in Sources */,
				8EDC245728228230007B0CF1 /* Identifier+.swift in Sources */,
				8EDC247428228250007B0CF1 /* FavoriteVC.swift in Sources */,
				8EDC24602822823F007B0CF1 /* HiderCellFavoritesTableView.swift in Sources */,
				8EDC24A52822826D007B0CF1 /* ProductImageCell.swift in Sources */,
				8EDC24C12822826D007B0CF1 /* Favorite.swift in Sources */,
				8EDC24AD2822826D007B0CF1 /* ViewController.swift in Sources */,
				8EDC24C02822826D007B0CF1 /* CardProduct.swift in Sources */,
				8EDC245328228230007B0CF1 /* Data.swift in Sources */,
				8EDC245628228230007B0CF1 /* debugAPI.swift in Sources */,
				8EDC24A92822826D007B0CF1 /* ProductInfoCell.swift in Sources */,
				8EDC24B52822826D007B0CF1 /* HeaderCell.swift in Sources */,
				8EDC24B32822826D007B0CF1 /* FavoritesHeaderCell.swift in Sources */,
				8EDC24B02822826D007B0CF1 /* ProductCell.swift in Sources */,
				8EDC245428228230007B0CF1 /* ApiData.swift in Sources */,
				8EDC246428228249007B0CF1 /* ProductCellType.swift in Sources */,
				8EDC2437282281DF007B0CF1 /* AppDelegate.swift in Sources */,
				8EDC2439282281DF007B0CF1 /* SceneDelegate.swift in Sources */,
				8EDC245528228230007B0CF1 /* ApiService.swift in Sources */,
				8E427DB52833A77600BD02DA /* FavoritesSection.swift in Sources */,
				8EDC24A72822826D007B0CF1 /* ProductInformationCell.swift in Sources */,
				8EDC245228228230007B0CF1 /* RealmService.swift in Sources */,
				8EDC24BD2822826D007B0CF1 /* ProductSection.swift in Sources */,
				8EDC24BF2822826D007B0CF1 /* Pagination.swift in Sources */,
				8EDC24AB2822826D007B0CF1 /* ProductViewController.swift in Sources */,
				8EDC245F2822823F007B0CF1 /* ProductCellFavoritesCV.swift in Sources */,
			);
			runOnlyForDeploymentPostprocessing = 0;
		};
/* End PBXSourcesBuildPhase section */

/* Begin PBXVariantGroup section */
		8EDC24992822826D007B0CF1 /* Main.storyboard */ = {
			isa = PBXVariantGroup;
			children = (
				8EDC249A2822826D007B0CF1 /* Base */,
			);
			name = Main.storyboard;
			sourceTree = "<group>";
		};
/* End PBXVariantGroup section */

/* Begin XCBuildConfiguration section */
		8EDC2445282281E0007B0CF1 /* Debug */ = {
			isa = XCBuildConfiguration;
			buildSettings = {
				ALWAYS_SEARCH_USER_PATHS = NO;
				CLANG_ANALYZER_NONNULL = YES;
				CLANG_ANALYZER_NUMBER_OBJECT_CONVERSION = YES_AGGRESSIVE;
				CLANG_CXX_LANGUAGE_STANDARD = "gnu++17";
				CLANG_ENABLE_MODULES = YES;
				CLANG_ENABLE_OBJC_ARC = YES;
				CLANG_ENABLE_OBJC_WEAK = YES;
				CLANG_WARN_BLOCK_CAPTURE_AUTORELEASING = YES;
				CLANG_WARN_BOOL_CONVERSION = YES;
				CLANG_WARN_COMMA = YES;
				CLANG_WARN_CONSTANT_CONVERSION = YES;
				CLANG_WARN_DEPRECATED_OBJC_IMPLEMENTATIONS = YES;
				CLANG_WARN_DIRECT_OBJC_ISA_USAGE = YES_ERROR;
				CLANG_WARN_DOCUMENTATION_COMMENTS = YES;
				CLANG_WARN_EMPTY_BODY = YES;
				CLANG_WARN_ENUM_CONVERSION = YES;
				CLANG_WARN_INFINITE_RECURSION = YES;
				CLANG_WARN_INT_CONVERSION = YES;
				CLANG_WARN_NON_LITERAL_NULL_CONVERSION = YES;
				CLANG_WARN_OBJC_IMPLICIT_RETAIN_SELF = YES;
				CLANG_WARN_OBJC_LITERAL_CONVERSION = YES;
				CLANG_WARN_OBJC_ROOT_CLASS = YES_ERROR;
				CLANG_WARN_QUOTED_INCLUDE_IN_FRAMEWORK_HEADER = YES;
				CLANG_WARN_RANGE_LOOP_ANALYSIS = YES;
				CLANG_WARN_STRICT_PROTOTYPES = YES;
				CLANG_WARN_SUSPICIOUS_MOVE = YES;
				CLANG_WARN_UNGUARDED_AVAILABILITY = YES_AGGRESSIVE;
				CLANG_WARN_UNREACHABLE_CODE = YES;
				CLANG_WARN__DUPLICATE_METHOD_MATCH = YES;
				COPY_PHASE_STRIP = NO;
				DEBUG_INFORMATION_FORMAT = dwarf;
				ENABLE_STRICT_OBJC_MSGSEND = YES;
				ENABLE_TESTABILITY = YES;
				GCC_C_LANGUAGE_STANDARD = gnu11;
				GCC_DYNAMIC_NO_PIC = NO;
				GCC_NO_COMMON_BLOCKS = YES;
				GCC_OPTIMIZATION_LEVEL = 0;
				GCC_PREPROCESSOR_DEFINITIONS = (
					"DEBUG=1",
					"$(inherited)",
				);
				GCC_WARN_64_TO_32_BIT_CONVERSION = YES;
				GCC_WARN_ABOUT_RETURN_TYPE = YES_ERROR;
				GCC_WARN_UNDECLARED_SELECTOR = YES;
				GCC_WARN_UNINITIALIZED_AUTOS = YES_AGGRESSIVE;
				GCC_WARN_UNUSED_FUNCTION = YES;
				GCC_WARN_UNUSED_VARIABLE = YES;
				IPHONEOS_DEPLOYMENT_TARGET = 15.4;
				MTL_ENABLE_DEBUG_INFO = INCLUDE_SOURCE;
				MTL_FAST_MATH = YES;
				ONLY_ACTIVE_ARCH = YES;
				SDKROOT = iphoneos;
				SWIFT_ACTIVE_COMPILATION_CONDITIONS = DEBUG;
				SWIFT_OPTIMIZATION_LEVEL = "-Onone";
			};
			name = Debug;
		};
		8EDC2446282281E0007B0CF1 /* Release */ = {
			isa = XCBuildConfiguration;
			buildSettings = {
				ALWAYS_SEARCH_USER_PATHS = NO;
				CLANG_ANALYZER_NONNULL = YES;
				CLANG_ANALYZER_NUMBER_OBJECT_CONVERSION = YES_AGGRESSIVE;
				CLANG_CXX_LANGUAGE_STANDARD = "gnu++17";
				CLANG_ENABLE_MODULES = YES;
				CLANG_ENABLE_OBJC_ARC = YES;
				CLANG_ENABLE_OBJC_WEAK = YES;
				CLANG_WARN_BLOCK_CAPTURE_AUTORELEASING = YES;
				CLANG_WARN_BOOL_CONVERSION = YES;
				CLANG_WARN_COMMA = YES;
				CLANG_WARN_CONSTANT_CONVERSION = YES;
				CLANG_WARN_DEPRECATED_OBJC_IMPLEMENTATIONS = YES;
				CLANG_WARN_DIRECT_OBJC_ISA_USAGE = YES_ERROR;
				CLANG_WARN_DOCUMENTATION_COMMENTS = YES;
				CLANG_WARN_EMPTY_BODY = YES;
				CLANG_WARN_ENUM_CONVERSION = YES;
				CLANG_WARN_INFINITE_RECURSION = YES;
				CLANG_WARN_INT_CONVERSION = YES;
				CLANG_WARN_NON_LITERAL_NULL_CONVERSION = YES;
				CLANG_WARN_OBJC_IMPLICIT_RETAIN_SELF = YES;
				CLANG_WARN_OBJC_LITERAL_CONVERSION = YES;
				CLANG_WARN_OBJC_ROOT_CLASS = YES_ERROR;
				CLANG_WARN_QUOTED_INCLUDE_IN_FRAMEWORK_HEADER = YES;
				CLANG_WARN_RANGE_LOOP_ANALYSIS = YES;
				CLANG_WARN_STRICT_PROTOTYPES = YES;
				CLANG_WARN_SUSPICIOUS_MOVE = YES;
				CLANG_WARN_UNGUARDED_AVAILABILITY = YES_AGGRESSIVE;
				CLANG_WARN_UNREACHABLE_CODE = YES;
				CLANG_WARN__DUPLICATE_METHOD_MATCH = YES;
				COPY_PHASE_STRIP = NO;
				DEBUG_INFORMATION_FORMAT = "dwarf-with-dsym";
				ENABLE_NS_ASSERTIONS = NO;
				ENABLE_STRICT_OBJC_MSGSEND = YES;
				GCC_C_LANGUAGE_STANDARD = gnu11;
				GCC_NO_COMMON_BLOCKS = YES;
				GCC_WARN_64_TO_32_BIT_CONVERSION = YES;
				GCC_WARN_ABOUT_RETURN_TYPE = YES_ERROR;
				GCC_WARN_UNDECLARED_SELECTOR = YES;
				GCC_WARN_UNINITIALIZED_AUTOS = YES_AGGRESSIVE;
				GCC_WARN_UNUSED_FUNCTION = YES;
				GCC_WARN_UNUSED_VARIABLE = YES;
				IPHONEOS_DEPLOYMENT_TARGET = 15.4;
				MTL_ENABLE_DEBUG_INFO = NO;
				MTL_FAST_MATH = YES;
				SDKROOT = iphoneos;
				SWIFT_COMPILATION_MODE = wholemodule;
				SWIFT_OPTIMIZATION_LEVEL = "-O";
				VALIDATE_PRODUCT = YES;
			};
			name = Release;
		};
		8EDC2448282281E0007B0CF1 /* Debug */ = {
			isa = XCBuildConfiguration;
			baseConfigurationReference = C555B46ECD453CA612C6146F /* Pods-WOW3.debug.xcconfig */;
			buildSettings = {
				ASSETCATALOG_COMPILER_APPICON_NAME = AppIcon;
				ASSETCATALOG_COMPILER_GLOBAL_ACCENT_COLOR_NAME = AccentColor;
				CODE_SIGN_STYLE = Automatic;
				CURRENT_PROJECT_VERSION = 1;
				DEVELOPMENT_TEAM = W7Y7LFP4T3;
				GENERATE_INFOPLIST_FILE = YES;
				INFOPLIST_FILE = WOW3/Info.plist;
				INFOPLIST_KEY_UIApplicationSupportsIndirectInputEvents = YES;
				INFOPLIST_KEY_UILaunchStoryboardName = LaunchScreen;
				INFOPLIST_KEY_UIMainStoryboardFile = Main;
				INFOPLIST_KEY_UISupportedInterfaceOrientations_iPad = "UIInterfaceOrientationPortrait UIInterfaceOrientationPortraitUpsideDown UIInterfaceOrientationLandscapeLeft UIInterfaceOrientationLandscapeRight";
				INFOPLIST_KEY_UISupportedInterfaceOrientations_iPhone = "UIInterfaceOrientationPortrait UIInterfaceOrientationLandscapeLeft UIInterfaceOrientationLandscapeRight";
				LD_RUNPATH_SEARCH_PATHS = (
					"$(inherited)",
					"@executable_path/Frameworks",
				);
				MARKETING_VERSION = 1.0;
				PRODUCT_BUNDLE_IDENTIFIER = com.PesonalTes.WOW3;
				PRODUCT_NAME = "$(TARGET_NAME)";
				SWIFT_EMIT_LOC_STRINGS = YES;
				SWIFT_VERSION = 5.0;
				TARGETED_DEVICE_FAMILY = "1,2";
			};
			name = Debug;
		};
		8EDC2449282281E0007B0CF1 /* Release */ = {
			isa = XCBuildConfiguration;
			baseConfigurationReference = 19D6A36B7D6002D519C50C38 /* Pods-WOW3.release.xcconfig */;
			buildSettings = {
				ASSETCATALOG_COMPILER_APPICON_NAME = AppIcon;
				ASSETCATALOG_COMPILER_GLOBAL_ACCENT_COLOR_NAME = AccentColor;
				CODE_SIGN_STYLE = Automatic;
				CURRENT_PROJECT_VERSION = 1;
				DEVELOPMENT_TEAM = W7Y7LFP4T3;
				GENERATE_INFOPLIST_FILE = YES;
				INFOPLIST_FILE = WOW3/Info.plist;
				INFOPLIST_KEY_UIApplicationSupportsIndirectInputEvents = YES;
				INFOPLIST_KEY_UILaunchStoryboardName = LaunchScreen;
				INFOPLIST_KEY_UIMainStoryboardFile = Main;
				INFOPLIST_KEY_UISupportedInterfaceOrientations_iPad = "UIInterfaceOrientationPortrait UIInterfaceOrientationPortraitUpsideDown UIInterfaceOrientationLandscapeLeft UIInterfaceOrientationLandscapeRight";
				INFOPLIST_KEY_UISupportedInterfaceOrientations_iPhone = "UIInterfaceOrientationPortrait UIInterfaceOrientationLandscapeLeft UIInterfaceOrientationLandscapeRight";
				LD_RUNPATH_SEARCH_PATHS = (
					"$(inherited)",
					"@executable_path/Frameworks",
				);
				MARKETING_VERSION = 1.0;
				PRODUCT_BUNDLE_IDENTIFIER = com.PesonalTes.WOW3;
				PRODUCT_NAME = "$(TARGET_NAME)";
				SWIFT_EMIT_LOC_STRINGS = YES;
				SWIFT_VERSION = 5.0;
				TARGETED_DEVICE_FAMILY = "1,2";
			};
			name = Release;
		};
/* End XCBuildConfiguration section */

/* Begin XCConfigurationList section */
		8EDC242E282281DF007B0CF1 /* Build configuration list for PBXProject "WOW3" */ = {
			isa = XCConfigurationList;
			buildConfigurations = (
				8EDC2445282281E0007B0CF1 /* Debug */,
				8EDC2446282281E0007B0CF1 /* Release */,
			);
			defaultConfigurationIsVisible = 0;
			defaultConfigurationName = Release;
		};
		8EDC2447282281E0007B0CF1 /* Build configuration list for PBXNativeTarget "WOW3" */ = {
			isa = XCConfigurationList;
			buildConfigurations = (
				8EDC2448282281E0007B0CF1 /* Debug */,
				8EDC2449282281E0007B0CF1 /* Release */,
			);
			defaultConfigurationIsVisible = 0;
			defaultConfigurationName = Release;
		};
/* End XCConfigurationList section */
	};
	rootObject = 8EDC242B282281DF007B0CF1 /* Project object */;
}
